// !$*UTF8*$!
{
	archiveVersion = 1;
	classes = {
	};
	objectVersion = 56;
	objects = {

/* Begin PBXBuildFile section */
		24262ACD2B644DC100409C00 /* AppDelegate.swift in Sources */ = {isa = PBXBuildFile; fileRef = 24262ACC2B644DC100409C00 /* AppDelegate.swift */; };
		24262ACF2B644DC100409C00 /* SceneDelegate.swift in Sources */ = {isa = PBXBuildFile; fileRef = 24262ACE2B644DC100409C00 /* SceneDelegate.swift */; };
		24262AD12B644DC100409C00 /* ViewController.swift in Sources */ = {isa = PBXBuildFile; fileRef = 24262AD02B644DC100409C00 /* ViewController.swift */; };
		24262AD42B644DC100409C00 /* Main.storyboard in Resources */ = {isa = PBXBuildFile; fileRef = 24262AD22B644DC100409C00 /* Main.storyboard */; };
		24262AD62B644DC300409C00 /* Assets.xcassets in Resources */ = {isa = PBXBuildFile; fileRef = 24262AD52B644DC300409C00 /* Assets.xcassets */; };
		24262AD92B644DC300409C00 /* LaunchScreen.storyboard in Resources */ = {isa = PBXBuildFile; fileRef = 24262AD72B644DC300409C00 /* LaunchScreen.storyboard */; };
		24262AE42B644DC300409C00 /* AppPatronesCristianContrerasTests.swift in Sources */ = {isa = PBXBuildFile; fileRef = 24262AE32B644DC300409C00 /* AppPatronesCristianContrerasTests.swift */; };
		24262AEE2B644DC400409C00 /* AppPatronesCristianContrerasUITests.swift in Sources */ = {isa = PBXBuildFile; fileRef = 24262AED2B644DC400409C00 /* AppPatronesCristianContrerasUITests.swift */; };
		24262AF02B644DC400409C00 /* AppPatronesCristianContrerasUITestsLaunchTests.swift in Sources */ = {isa = PBXBuildFile; fileRef = 24262AEF2B644DC400409C00 /* AppPatronesCristianContrerasUITestsLaunchTests.swift */; };
/* End PBXBuildFile section */

/* Begin PBXContainerItemProxy section */
		24262AE02B644DC300409C00 /* PBXContainerItemProxy */ = {
			isa = PBXContainerItemProxy;
			containerPortal = 24262AC12B644DC100409C00 /* Project object */;
			proxyType = 1;
			remoteGlobalIDString = 24262AC82B644DC100409C00;
			remoteInfo = AppPatronesCristianContreras;
		};
		24262AEA2B644DC400409C00 /* PBXContainerItemProxy */ = {
			isa = PBXContainerItemProxy;
			containerPortal = 24262AC12B644DC100409C00 /* Project object */;
			proxyType = 1;
			remoteGlobalIDString = 24262AC82B644DC100409C00;
			remoteInfo = AppPatronesCristianContreras;
		};
/* End PBXContainerItemProxy section */

/* Begin PBXFileReference section */
		24262AC92B644DC100409C00 /* AppPatronesCristianContreras.app */ = {isa = PBXFileReference; explicitFileType = wrapper.application; includeInIndex = 0; path = AppPatronesCristianContreras.app; sourceTree = BUILT_PRODUCTS_DIR; };
		24262ACC2B644DC100409C00 /* AppDelegate.swift */ = {isa = PBXFileReference; lastKnownFileType = sourcecode.swift; path = AppDelegate.swift; sourceTree = "<group>"; };
		24262ACE2B644DC100409C00 /* SceneDelegate.swift */ = {isa = PBXFileReference; lastKnownFileType = sourcecode.swift; path = SceneDelegate.swift; sourceTree = "<group>"; };
		24262AD02B644DC100409C00 /* ViewController.swift */ = {isa = PBXFileReference; lastKnownFileType = sourcecode.swift; path = ViewController.swift; sourceTree = "<group>"; };
		24262AD32B644DC100409C00 /* Base */ = {isa = PBXFileReference; lastKnownFileType = file.storyboard; name = Base; path = Base.lproj/Main.storyboard; sourceTree = "<group>"; };
		24262AD52B644DC300409C00 /* Assets.xcassets */ = {isa = PBXFileReference; lastKnownFileType = folder.assetcatalog; path = Assets.xcassets; sourceTree = "<group>"; };
		24262AD82B644DC300409C00 /* Base */ = {isa = PBXFileReference; lastKnownFileType = file.storyboard; name = Base; path = Base.lproj/LaunchScreen.storyboard; sourceTree = "<group>"; };
		24262ADA2B644DC300409C00 /* Info.plist */ = {isa = PBXFileReference; lastKnownFileType = text.plist.xml; path = Info.plist; sourceTree = "<group>"; };
		24262ADF2B644DC300409C00 /* AppPatronesCristianContrerasTests.xctest */ = {isa = PBXFileReference; explicitFileType = wrapper.cfbundle; includeInIndex = 0; path = AppPatronesCristianContrerasTests.xctest; sourceTree = BUILT_PRODUCTS_DIR; };
		24262AE32B644DC300409C00 /* AppPatronesCristianContrerasTests.swift */ = {isa = PBXFileReference; lastKnownFileType = sourcecode.swift; path = AppPatronesCristianContrerasTests.swift; sourceTree = "<group>"; };
		24262AE92B644DC400409C00 /* AppPatronesCristianContrerasUITests.xctest */ = {isa = PBXFileReference; explicitFileType = wrapper.cfbundle; includeInIndex = 0; path = AppPatronesCristianContrerasUITests.xctest; sourceTree = BUILT_PRODUCTS_DIR; };
		24262AED2B644DC400409C00 /* AppPatronesCristianContrerasUITests.swift */ = {isa = PBXFileReference; lastKnownFileType = sourcecode.swift; path = AppPatronesCristianContrerasUITests.swift; sourceTree = "<group>"; };
		24262AEF2B644DC400409C00 /* AppPatronesCristianContrerasUITestsLaunchTests.swift */ = {isa = PBXFileReference; lastKnownFileType = sourcecode.swift; path = AppPatronesCristianContrerasUITestsLaunchTests.swift; sourceTree = "<group>"; };
/* End PBXFileReference section */

/* Begin PBXFrameworksBuildPhase section */
		24262AC62B644DC100409C00 /* Frameworks */ = {
			isa = PBXFrameworksBuildPhase;
			buildActionMask = 2147483647;
			files = (
			);
			runOnlyForDeploymentPostprocessing = 0;
		};
		24262ADC2B644DC300409C00 /* Frameworks */ = {
			isa = PBXFrameworksBuildPhase;
			buildActionMask = 2147483647;
			files = (
			);
			runOnlyForDeploymentPostprocessing = 0;
		};
		24262AE62B644DC400409C00 /* Frameworks */ = {
			isa = PBXFrameworksBuildPhase;
			buildActionMask = 2147483647;
			files = (
			);
			runOnlyForDeploymentPostprocessing = 0;
		};
/* End PBXFrameworksBuildPhase section */

/* Begin PBXGroup section */
		24262AC02B644DC100409C00 = {
			isa = PBXGroup;
			children = (
				24262ACB2B644DC100409C00 /* AppPatronesCristianContreras */,
				24262AE22B644DC300409C00 /* AppPatronesCristianContrerasTests */,
				24262AEC2B644DC400409C00 /* AppPatronesCristianContrerasUITests */,
				24262ACA2B644DC100409C00 /* Products */,
			);
			sourceTree = "<group>";
		};
		24262ACA2B644DC100409C00 /* Products */ = {
			isa = PBXGroup;
			children = (
				24262AC92B644DC100409C00 /* AppPatronesCristianContreras.app */,
				24262ADF2B644DC300409C00 /* AppPatronesCristianContrerasTests.xctest */,
				24262AE92B644DC400409C00 /* AppPatronesCristianContrerasUITests.xctest */,
			);
			name = Products;
			sourceTree = "<group>";
		};
		24262ACB2B644DC100409C00 /* AppPatronesCristianContreras */ = {
			isa = PBXGroup;
			children = (
				24262ACC2B644DC100409C00 /* AppDelegate.swift */,
				24262ACE2B644DC100409C00 /* SceneDelegate.swift */,
				24262AD02B644DC100409C00 /* ViewController.swift */,
				24262AD22B644DC100409C00 /* Main.storyboard */,
				24262AD52B644DC300409C00 /* Assets.xcassets */,
				24262AD72B644DC300409C00 /* LaunchScreen.storyboard */,
				24262ADA2B644DC300409C00 /* Info.plist */,
			);
			path = AppPatronesCristianContreras;
			sourceTree = "<group>";
		};
		24262AE22B644DC300409C00 /* AppPatronesCristianContrerasTests */ = {
			isa = PBXGroup;
			children = (
				24262AE32B644DC300409C00 /* AppPatronesCristianContrerasTests.swift */,
			);
			path = AppPatronesCristianContrerasTests;
			sourceTree = "<group>";
		};
		24262AEC2B644DC400409C00 /* AppPatronesCristianContrerasUITests */ = {
			isa = PBXGroup;
			children = (
				24262AED2B644DC400409C00 /* AppPatronesCristianContrerasUITests.swift */,
				24262AEF2B644DC400409C00 /* AppPatronesCristianContrerasUITestsLaunchTests.swift */,
			);
			path = AppPatronesCristianContrerasUITests;
			sourceTree = "<group>";
		};
/* End PBXGroup section */

/* Begin PBXNativeTarget section */
		24262AC82B644DC100409C00 /* AppPatronesCristianContreras */ = {
			isa = PBXNativeTarget;
			buildConfigurationList = 24262AF32B644DC400409C00 /* Build configuration list for PBXNativeTarget "AppPatronesCristianContreras" */;
			buildPhases = (
				24262AC52B644DC100409C00 /* Sources */,
				24262AC62B644DC100409C00 /* Frameworks */,
				24262AC72B644DC100409C00 /* Resources */,
			);
			buildRules = (
			);
			dependencies = (
			);
			name = AppPatronesCristianContreras;
			productName = AppPatronesCristianContreras;
			productReference = 24262AC92B644DC100409C00 /* AppPatronesCristianContreras.app */;
			productType = "com.apple.product-type.application";
		};
		24262ADE2B644DC300409C00 /* AppPatronesCristianContrerasTests */ = {
			isa = PBXNativeTarget;
			buildConfigurationList = 24262AF62B644DC400409C00 /* Build configuration list for PBXNativeTarget "AppPatronesCristianContrerasTests" */;
			buildPhases = (
				24262ADB2B644DC300409C00 /* Sources */,
				24262ADC2B644DC300409C00 /* Frameworks */,
				24262ADD2B644DC300409C00 /* Resources */,
			);
			buildRules = (
			);
			dependencies = (
				24262AE12B644DC300409C00 /* PBXTargetDependency */,
			);
			name = AppPatronesCristianContrerasTests;
			productName = AppPatronesCristianContrerasTests;
			productReference = 24262ADF2B644DC300409C00 /* AppPatronesCristianContrerasTests.xctest */;
			productType = "com.apple.product-type.bundle.unit-test";
		};
		24262AE82B644DC400409C00 /* AppPatronesCristianContrerasUITests */ = {
			isa = PBXNativeTarget;
			buildConfigurationList = 24262AF92B644DC400409C00 /* Build configuration list for PBXNativeTarget "AppPatronesCristianContrerasUITests" */;
			buildPhases = (
				24262AE52B644DC400409C00 /* Sources */,
				24262AE62B644DC400409C00 /* Frameworks */,
				24262AE72B644DC400409C00 /* Resources */,
			);
			buildRules = (
			);
			dependencies = (
				24262AEB2B644DC400409C00 /* PBXTargetDependency */,
			);
			name = AppPatronesCristianContrerasUITests;
			productName = AppPatronesCristianContrerasUITests;
			productReference = 24262AE92B644DC400409C00 /* AppPatronesCristianContrerasUITests.xctest */;
			productType = "com.apple.product-type.bundle.ui-testing";
		};
/* End PBXNativeTarget section */

/* Begin PBXProject section */
		24262AC12B644DC100409C00 /* Project object */ = {
			isa = PBXProject;
			attributes = {
				BuildIndependentTargetsInParallel = 1;
				LastSwiftUpdateCheck = 1520;
				LastUpgradeCheck = 1520;
				TargetAttributes = {
					24262AC82B644DC100409C00 = {
						CreatedOnToolsVersion = 15.2;
					};
					24262ADE2B644DC300409C00 = {
						CreatedOnToolsVersion = 15.2;
						TestTargetID = 24262AC82B644DC100409C00;
					};
					24262AE82B644DC400409C00 = {
						CreatedOnToolsVersion = 15.2;
						TestTargetID = 24262AC82B644DC100409C00;
					};
				};
			};
			buildConfigurationList = 24262AC42B644DC100409C00 /* Build configuration list for PBXProject "AppPatronesCristianContreras" */;
			compatibilityVersion = "Xcode 14.0";
			developmentRegion = en;
			hasScannedForEncodings = 0;
			knownRegions = (
				en,
				Base,
			);
			mainGroup = 24262AC02B644DC100409C00;
			productRefGroup = 24262ACA2B644DC100409C00 /* Products */;
			projectDirPath = "";
			projectRoot = "";
			targets = (
				24262AC82B644DC100409C00 /* AppPatronesCristianContreras */,
				24262ADE2B644DC300409C00 /* AppPatronesCristianContrerasTests */,
				24262AE82B644DC400409C00 /* AppPatronesCristianContrerasUITests */,
			);
		};
/* End PBXProject section */

/* Begin PBXResourcesBuildPhase section */
		24262AC72B644DC100409C00 /* Resources */ = {
			isa = PBXResourcesBuildPhase;
			buildActionMask = 2147483647;
			files = (
				24262AD92B644DC300409C00 /* LaunchScreen.storyboard in Resources */,
				24262AD62B644DC300409C00 /* Assets.xcassets in Resources */,
				24262AD42B644DC100409C00 /* Main.storyboard in Resources */,
			);
			runOnlyForDeploymentPostprocessing = 0;
		};
		24262ADD2B644DC300409C00 /* Resources */ = {
			isa = PBXResourcesBuildPhase;
			buildActionMask = 2147483647;
			files = (
			);
			runOnlyForDeploymentPostprocessing = 0;
		};
		24262AE72B644DC400409C00 /* Resources */ = {
			isa = PBXResourcesBuildPhase;
			buildActionMask = 2147483647;
			files = (
			);
			runOnlyForDeploymentPostprocessing = 0;
		};
/* End PBXResourcesBuildPhase section */

/* Begin PBXSourcesBuildPhase section */
		24262AC52B644DC100409C00 /* Sources */ = {
			isa = PBXSourcesBuildPhase;
			buildActionMask = 2147483647;
			files = (
				24262AD12B644DC100409C00 /* ViewController.swift in Sources */,
				24262ACD2B644DC100409C00 /* AppDelegate.swift in Sources */,
				24262ACF2B644DC100409C00 /* SceneDelegate.swift in Sources */,
			);
			runOnlyForDeploymentPostprocessing = 0;
		};
		24262ADB2B644DC300409C00 /* Sources */ = {
			isa = PBXSourcesBuildPhase;
			buildActionMask = 2147483647;
			files = (
				24262AE42B644DC300409C00 /* AppPatronesCristianContrerasTests.swift in Sources */,
			);
			runOnlyForDeploymentPostprocessing = 0;
		};
		24262AE52B644DC400409C00 /* Sources */ = {
			isa = PBXSourcesBuildPhase;
			buildActionMask = 2147483647;
			files = (
				24262AEE2B644DC400409C00 /* AppPatronesCristianContrerasUITests.swift in Sources */,
				24262AF02B644DC400409C00 /* AppPatronesCristianContrerasUITestsLaunchTests.swift in Sources */,
			);
			runOnlyForDeploymentPostprocessing = 0;
		};
/* End PBXSourcesBuildPhase section */

/* Begin PBXTargetDependency section */
		24262AE12B644DC300409C00 /* PBXTargetDependency */ = {
			isa = PBXTargetDependency;
			target = 24262AC82B644DC100409C00 /* AppPatronesCristianContreras */;
			targetProxy = 24262AE02B644DC300409C00 /* PBXContainerItemProxy */;
		};
		24262AEB2B644DC400409C00 /* PBXTargetDependency */ = {
			isa = PBXTargetDependency;
			target = 24262AC82B644DC100409C00 /* AppPatronesCristianContreras */;
			targetProxy = 24262AEA2B644DC400409C00 /* PBXContainerItemProxy */;
		};
/* End PBXTargetDependency section */

/* Begin PBXVariantGroup section */
		24262AD22B644DC100409C00 /* Main.storyboard */ = {
			isa = PBXVariantGroup;
			children = (
				24262AD32B644DC100409C00 /* Base */,
			);
			name = Main.storyboard;
			sourceTree = "<group>";
		};
		24262AD72B644DC300409C00 /* LaunchScreen.storyboard */ = {
			isa = PBXVariantGroup;
			children = (
				24262AD82B644DC300409C00 /* Base */,
			);
			name = LaunchScreen.storyboard;
			sourceTree = "<group>";
		};
/* End PBXVariantGroup section */

/* Begin XCBuildConfiguration section */
		24262AF12B644DC400409C00 /* Debug */ = {
			isa = XCBuildConfiguration;
			buildSettings = {
				ALWAYS_SEARCH_USER_PATHS = NO;
				ASSETCATALOG_COMPILER_GENERATE_SWIFT_ASSET_SYMBOL_EXTENSIONS = YES;
				CLANG_ANALYZER_NONNULL = YES;
				CLANG_ANALYZER_NUMBER_OBJECT_CONVERSION = YES_AGGRESSIVE;
				CLANG_CXX_LANGUAGE_STANDARD = "gnu++20";
				CLANG_ENABLE_MODULES = YES;
				CLANG_ENABLE_OBJC_ARC = YES;
				CLANG_ENABLE_OBJC_WEAK = YES;
				CLANG_WARN_BLOCK_CAPTURE_AUTORELEASING = YES;
				CLANG_WARN_BOOL_CONVERSION = YES;
				CLANG_WARN_COMMA = YES;
				CLANG_WARN_CONSTANT_CONVERSION = YES;
				CLANG_WARN_DEPRECATED_OBJC_IMPLEMENTATIONS = YES;
				CLANG_WARN_DIRECT_OBJC_ISA_USAGE = YES_ERROR;
				CLANG_WARN_DOCUMENTATION_COMMENTS = YES;
				CLANG_WARN_EMPTY_BODY = YES;
				CLANG_WARN_ENUM_CONVERSION = YES;
				CLANG_WARN_INFINITE_RECURSION = YES;
				CLANG_WARN_INT_CONVERSION = YES;
				CLANG_WARN_NON_LITERAL_NULL_CONVERSION = YES;
				CLANG_WARN_OBJC_IMPLICIT_RETAIN_SELF = YES;
				CLANG_WARN_OBJC_LITERAL_CONVERSION = YES;
				CLANG_WARN_OBJC_ROOT_CLASS = YES_ERROR;
				CLANG_WARN_QUOTED_INCLUDE_IN_FRAMEWORK_HEADER = YES;
				CLANG_WARN_RANGE_LOOP_ANALYSIS = YES;
				CLANG_WARN_STRICT_PROTOTYPES = YES;
				CLANG_WARN_SUSPICIOUS_MOVE = YES;
				CLANG_WARN_UNGUARDED_AVAILABILITY = YES_AGGRESSIVE;
				CLANG_WARN_UNREACHABLE_CODE = YES;
				CLANG_WARN__DUPLICATE_METHOD_MATCH = YES;
				COPY_PHASE_STRIP = NO;
				DEBUG_INFORMATION_FORMAT = dwarf;
				ENABLE_STRICT_OBJC_MSGSEND = YES;
				ENABLE_TESTABILITY = YES;
				ENABLE_USER_SCRIPT_SANDBOXING = YES;
				GCC_C_LANGUAGE_STANDARD = gnu17;
				GCC_DYNAMIC_NO_PIC = NO;
				GCC_NO_COMMON_BLOCKS = YES;
				GCC_OPTIMIZATION_LEVEL = 0;
				GCC_PREPROCESSOR_DEFINITIONS = (
					"DEBUG=1",
					"$(inherited)",
				);
				GCC_WARN_64_TO_32_BIT_CONVERSION = YES;
				GCC_WARN_ABOUT_RETURN_TYPE = YES_ERROR;
				GCC_WARN_UNDECLARED_SELECTOR = YES;
				GCC_WARN_UNINITIALIZED_AUTOS = YES_AGGRESSIVE;
				GCC_WARN_UNUSED_FUNCTION = YES;
				GCC_WARN_UNUSED_VARIABLE = YES;
				IPHONEOS_DEPLOYMENT_TARGET = 17.2;
				LOCALIZATION_PREFERS_STRING_CATALOGS = YES;
				MTL_ENABLE_DEBUG_INFO = INCLUDE_SOURCE;
				MTL_FAST_MATH = YES;
				ONLY_ACTIVE_ARCH = YES;
				SDKROOT = iphoneos;
				SWIFT_ACTIVE_COMPILATION_CONDITIONS = "DEBUG $(inherited)";
				SWIFT_OPTIMIZATION_LEVEL = "-Onone";
			};
			name = Debug;
		};
		24262AF22B644DC400409C00 /* Release */ = {
			isa = XCBuildConfiguration;
			buildSettings = {
				ALWAYS_SEARCH_USER_PATHS = NO;
				ASSETCATALOG_COMPILER_GENERATE_SWIFT_ASSET_SYMBOL_EXTENSIONS = YES;
				CLANG_ANALYZER_NONNULL = YES;
				CLANG_ANALYZER_NUMBER_OBJECT_CONVERSION = YES_AGGRESSIVE;
				CLANG_CXX_LANGUAGE_STANDARD = "gnu++20";
				CLANG_ENABLE_MODULES = YES;
				CLANG_ENABLE_OBJC_ARC = YES;
				CLANG_ENABLE_OBJC_WEAK = YES;
				CLANG_WARN_BLOCK_CAPTURE_AUTORELEASING = YES;
				CLANG_WARN_BOOL_CONVERSION = YES;
				CLANG_WARN_COMMA = YES;
				CLANG_WARN_CONSTANT_CONVERSION = YES;
				CLANG_WARN_DEPRECATED_OBJC_IMPLEMENTATIONS = YES;
				CLANG_WARN_DIRECT_OBJC_ISA_USAGE = YES_ERROR;
				CLANG_WARN_DOCUMENTATION_COMMENTS = YES;
				CLANG_WARN_EMPTY_BODY = YES;
				CLANG_WARN_ENUM_CONVERSION = YES;
				CLANG_WARN_INFINITE_RECURSION = YES;
				CLANG_WARN_INT_CONVERSION = YES;
				CLANG_WARN_NON_LITERAL_NULL_CONVERSION = YES;
				CLANG_WARN_OBJC_IMPLICIT_RETAIN_SELF = YES;
				CLANG_WARN_OBJC_LITERAL_CONVERSION = YES;
				CLANG_WARN_OBJC_ROOT_CLASS = YES_ERROR;
				CLANG_WARN_QUOTED_INCLUDE_IN_FRAMEWORK_HEADER = YES;
				CLANG_WARN_RANGE_LOOP_ANALYSIS = YES;
				CLANG_WARN_STRICT_PROTOTYPES = YES;
				CLANG_WARN_SUSPICIOUS_MOVE = YES;
				CLANG_WARN_UNGUARDED_AVAILABILITY = YES_AGGRESSIVE;
				CLANG_WARN_UNREACHABLE_CODE = YES;
				CLANG_WARN__DUPLICATE_METHOD_MATCH = YES;
				COPY_PHASE_STRIP = NO;
				DEBUG_INFORMATION_FORMAT = "dwarf-with-dsym";
				ENABLE_NS_ASSERTIONS = NO;
				ENABLE_STRICT_OBJC_MSGSEND = YES;
				ENABLE_USER_SCRIPT_SANDBOXING = YES;
				GCC_C_LANGUAGE_STANDARD = gnu17;
				GCC_NO_COMMON_BLOCKS = YES;
				GCC_WARN_64_TO_32_BIT_CONVERSION = YES;
				GCC_WARN_ABOUT_RETURN_TYPE = YES_ERROR;
				GCC_WARN_UNDECLARED_SELECTOR = YES;
				GCC_WARN_UNINITIALIZED_AUTOS = YES_AGGRESSIVE;
				GCC_WARN_UNUSED_FUNCTION = YES;
				GCC_WARN_UNUSED_VARIABLE = YES;
				IPHONEOS_DEPLOYMENT_TARGET = 17.2;
				LOCALIZATION_PREFERS_STRING_CATALOGS = YES;
				MTL_ENABLE_DEBUG_INFO = NO;
				MTL_FAST_MATH = YES;
				SDKROOT = iphoneos;
				SWIFT_COMPILATION_MODE = wholemodule;
				VALIDATE_PRODUCT = YES;
			};
			name = Release;
		};
		24262AF42B644DC400409C00 /* Debug */ = {
			isa = XCBuildConfiguration;
			buildSettings = {
				ASSETCATALOG_COMPILER_APPICON_NAME = AppIcon;
				ASSETCATALOG_COMPILER_GLOBAL_ACCENT_COLOR_NAME = AccentColor;
				CODE_SIGN_STYLE = Automatic;
				CURRENT_PROJECT_VERSION = 1;
				DEVELOPMENT_TEAM = LF68Z3YD8E;
				GENERATE_INFOPLIST_FILE = YES;
				INFOPLIST_FILE = AppPatronesCristianContreras/Info.plist;
				INFOPLIST_KEY_UIApplicationSupportsIndirectInputEvents = YES;
				INFOPLIST_KEY_UILaunchStoryboardName = LaunchScreen;
				INFOPLIST_KEY_UISupportedInterfaceOrientations_iPad = "UIInterfaceOrientationPortrait UIInterfaceOrientationPortraitUpsideDown UIInterfaceOrientationLandscapeLeft UIInterfaceOrientationLandscapeRight";
				INFOPLIST_KEY_UISupportedInterfaceOrientations_iPhone = "UIInterfaceOrientationPortrait UIInterfaceOrientationLandscapeLeft UIInterfaceOrientationLandscapeRight";
				LD_RUNPATH_SEARCH_PATHS = (
					"$(inherited)",
					"@executable_path/Frameworks",
				);
				MARKETING_VERSION = 1.0;
				PRODUCT_BUNDLE_IDENTIFIER = com.covezcorp.AppPatronesCristianContreras;
				PRODUCT_NAME = "$(TARGET_NAME)";
				SWIFT_EMIT_LOC_STRINGS = YES;
				SWIFT_VERSION = 5.0;
				TARGETED_DEVICE_FAMILY = "1,2";
			};
			name = Debug;
		};
		24262AF52B644DC400409C00 /* Release */ = {
			isa = XCBuildConfiguration;
			buildSettings = {
				ASSETCATALOG_COMPILER_APPICON_NAME = AppIcon;
				ASSETCATALOG_COMPILER_GLOBAL_ACCENT_COLOR_NAME = AccentColor;
				CODE_SIGN_STYLE = Automatic;
				CURRENT_PROJECT_VERSION = 1;
				DEVELOPMENT_TEAM = LF68Z3YD8E;
				GENERATE_INFOPLIST_FILE = YES;
				INFOPLIST_FILE = AppPatronesCristianContreras/Info.plist;
				INFOPLIST_KEY_UIApplicationSupportsIndirectInputEvents = YES;
				INFOPLIST_KEY_UILaunchStoryboardName = LaunchScreen;
				INFOPLIST_KEY_UISupportedInterfaceOrientations_iPad = "UIInterfaceOrientationPortrait UIInterfaceOrientationPortraitUpsideDown UIInterfaceOrientationLandscapeLeft UIInterfaceOrientationLandscapeRight";
				INFOPLIST_KEY_UISupportedInterfaceOrientations_iPhone = "UIInterfaceOrientationPortrait UIInterfaceOrientationLandscapeLeft UIInterfaceOrientationLandscapeRight";
				LD_RUNPATH_SEARCH_PATHS = (
					"$(inherited)",
					"@executable_path/Frameworks",
				);
				MARKETING_VERSION = 1.0;
				PRODUCT_BUNDLE_IDENTIFIER = com.covezcorp.AppPatronesCristianContreras;
				PRODUCT_NAME = "$(TARGET_NAME)";
				SWIFT_EMIT_LOC_STRINGS = YES;
				SWIFT_VERSION = 5.0;
				TARGETED_DEVICE_FAMILY = "1,2";
			};
			name = Release;
		};
		24262AF72B644DC400409C00 /* Debug */ = {
			isa = XCBuildConfiguration;
			buildSettings = {
				ALWAYS_EMBED_SWIFT_STANDARD_LIBRARIES = YES;
				BUNDLE_LOADER = "$(TEST_HOST)";
				CODE_SIGN_STYLE = Automatic;
				CURRENT_PROJECT_VERSION = 1;
				DEVELOPMENT_TEAM = LF68Z3YD8E;
				GENERATE_INFOPLIST_FILE = YES;
				IPHONEOS_DEPLOYMENT_TARGET = 17.2;
				MARKETING_VERSION = 1.0;
				PRODUCT_BUNDLE_IDENTIFIER = com.covezcorp.AppPatronesCristianContrerasTests;
				PRODUCT_NAME = "$(TARGET_NAME)";
				SWIFT_EMIT_LOC_STRINGS = NO;
				SWIFT_VERSION = 5.0;
				TARGETED_DEVICE_FAMILY = "1,2";
				TEST_HOST = "$(BUILT_PRODUCTS_DIR)/AppPatronesCristianContreras.app/$(BUNDLE_EXECUTABLE_FOLDER_PATH)/AppPatronesCristianContreras";
			};
			name = Debug;
		};
		24262AF82B644DC400409C00 /* Release */ = {
			isa = XCBuildConfiguration;
			buildSettings = {
				ALWAYS_EMBED_SWIFT_STANDARD_LIBRARIES = YES;
				BUNDLE_LOADER = "$(TEST_HOST)";
				CODE_SIGN_STYLE = Automatic;
				CURRENT_PROJECT_VERSION = 1;
				DEVELOPMENT_TEAM = LF68Z3YD8E;
				GENERATE_INFOPLIST_FILE = YES;
				IPHONEOS_DEPLOYMENT_TARGET = 17.2;
				MARKETING_VERSION = 1.0;
				PRODUCT_BUNDLE_IDENTIFIER = com.covezcorp.AppPatronesCristianContrerasTests;
				PRODUCT_NAME = "$(TARGET_NAME)";
				SWIFT_EMIT_LOC_STRINGS = NO;
				SWIFT_VERSION = 5.0;
				TARGETED_DEVICE_FAMILY = "1,2";
				TEST_HOST = "$(BUILT_PRODUCTS_DIR)/AppPatronesCristianContreras.app/$(BUNDLE_EXECUTABLE_FOLDER_PATH)/AppPatronesCristianContreras";
			};
			name = Release;
		};
		24262AFA2B644DC400409C00 /* Debug */ = {
			isa = XCBuildConfiguration;
			buildSettings = {
				ALWAYS_EMBED_SWIFT_STANDARD_LIBRARIES = YES;
				CODE_SIGN_STYLE = Automatic;
				CURRENT_PROJECT_VERSION = 1;
				DEVELOPMENT_TEAM = LF68Z3YD8E;
				GENERATE_INFOPLIST_FILE = YES;
				MARKETING_VERSION = 1.0;
				PRODUCT_BUNDLE_IDENTIFIER = com.covezcorp.AppPatronesCristianContrerasUITests;
				PRODUCT_NAME = "$(TARGET_NAME)";
				SWIFT_EMIT_LOC_STRINGS = NO;
				SWIFT_VERSION = 5.0;
				TARGETED_DEVICE_FAMILY = "1,2";
				TEST_TARGET_NAME = AppPatronesCristianContreras;
			};
			name = Debug;
		};
		24262AFB2B644DC400409C00 /* Release */ = {
			isa = XCBuildConfiguration;
			buildSettings = {
				ALWAYS_EMBED_SWIFT_STANDARD_LIBRARIES = YES;
				CODE_SIGN_STYLE = Automatic;
				CURRENT_PROJECT_VERSION = 1;
				DEVELOPMENT_TEAM = LF68Z3YD8E;
				GENERATE_INFOPLIST_FILE = YES;
				MARKETING_VERSION = 1.0;
				PRODUCT_BUNDLE_IDENTIFIER = com.covezcorp.AppPatronesCristianContrerasUITests;
				PRODUCT_NAME = "$(TARGET_NAME)";
				SWIFT_EMIT_LOC_STRINGS = NO;
				SWIFT_VERSION = 5.0;
				TARGETED_DEVICE_FAMILY = "1,2";
				TEST_TARGET_NAME = AppPatronesCristianContreras;
			};
			name = Release;
		};
/* End XCBuildConfiguration section */

/* Begin XCConfigurationList section */
		24262AC42B644DC100409C00 /* Build configuration list for PBXProject "AppPatronesCristianContreras" */ = {
			isa = XCConfigurationList;
			buildConfigurations = (
				24262AF12B644DC400409C00 /* Debug */,
				24262AF22B644DC400409C00 /* Release */,
			);
			defaultConfigurationIsVisible = 0;
			defaultConfigurationName = Release;
		};
		24262AF32B644DC400409C00 /* Build configuration list for PBXNativeTarget "AppPatronesCristianContreras" */ = {
			isa = XCConfigurationList;
			buildConfigurations = (
				24262AF42B644DC400409C00 /* Debug */,
				24262AF52B644DC400409C00 /* Release */,
			);
			defaultConfigurationIsVisible = 0;
			defaultConfigurationName = Release;
		};
		24262AF62B644DC400409C00 /* Build configuration list for PBXNativeTarget "AppPatronesCristianContrerasTests" */ = {
			isa = XCConfigurationList;
			buildConfigurations = (
				24262AF72B644DC400409C00 /* Debug */,
				24262AF82B644DC400409C00 /* Release */,
			);
			defaultConfigurationIsVisible = 0;
			defaultConfigurationName = Release;
		};
		24262AF92B644DC400409C00 /* Build configuration list for PBXNativeTarget "AppPatronesCristianContrerasUITests" */ = {
			isa = XCConfigurationList;
			buildConfigurations = (
				24262AFA2B644DC400409C00 /* Debug */,
				24262AFB2B644DC400409C00 /* Release */,
			);
			defaultConfigurationIsVisible = 0;
			defaultConfigurationName = Release;
		};
/* End XCConfigurationList section */
	};
	rootObject = 24262AC12B644DC100409C00 /* Project object */;
}
