// !$*UTF8*$!
{
	archiveVersion = 1;
	classes = {
	};
	objectVersion = 56;
	objects = {

/* Begin PBXBuildFile section */
		24262ACD2B644DC100409C00 /* AppDelegate.swift in Sources */ = {isa = PBXBuildFile; fileRef = 24262ACC2B644DC100409C00 /* AppDelegate.swift */; };
		24262ACF2B644DC100409C00 /* SceneDelegate.swift in Sources */ = {isa = PBXBuildFile; fileRef = 24262ACE2B644DC100409C00 /* SceneDelegate.swift */; };
		24262AD12B644DC100409C00 /* ViewController.swift in Sources */ = {isa = PBXBuildFile; fileRef = 24262AD02B644DC100409C00 /* ViewController.swift */; };
		24262AD62B644DC300409C00 /* Assets.xcassets in Resources */ = {isa = PBXBuildFile; fileRef = 24262AD52B644DC300409C00 /* Assets.xcassets */; };
		24262AD92B644DC300409C00 /* LaunchScreen.storyboard in Resources */ = {isa = PBXBuildFile; fileRef = 24262AD72B644DC300409C00 /* LaunchScreen.storyboard */; };
		24262AE42B644DC300409C00 /* AppPatronesCristianContrerasTests.swift in Sources */ = {isa = PBXBuildFile; fileRef = 24262AE32B644DC300409C00 /* AppPatronesCristianContrerasTests.swift */; };
		24262AEE2B644DC400409C00 /* AppPatronesCristianContrerasUITests.swift in Sources */ = {isa = PBXBuildFile; fileRef = 24262AED2B644DC400409C00 /* AppPatronesCristianContrerasUITests.swift */; };
		24262AF02B644DC400409C00 /* AppPatronesCristianContrerasUITestsLaunchTests.swift in Sources */ = {isa = PBXBuildFile; fileRef = 24262AEF2B644DC400409C00 /* AppPatronesCristianContrerasUITestsLaunchTests.swift */; };
		24262B112B64623200409C00 /* LoginViewController.swift in Sources */ = {isa = PBXBuildFile; fileRef = 24262B0F2B64623200409C00 /* LoginViewController.swift */; };
		24262B122B64623200409C00 /* LoginViewController.swift in Sources */ = {isa = PBXBuildFile; fileRef = 24262B0F2B64623200409C00 /* LoginViewController.swift */; };
		24262B132B64623200409C00 /* LoginViewController.swift in Sources */ = {isa = PBXBuildFile; fileRef = 24262B0F2B64623200409C00 /* LoginViewController.swift */; };
		24262B142B64623200409C00 /* LoginViewController.xib in Resources */ = {isa = PBXBuildFile; fileRef = 24262B102B64623200409C00 /* LoginViewController.xib */; };
		24262B152B64623200409C00 /* LoginViewController.xib in Resources */ = {isa = PBXBuildFile; fileRef = 24262B102B64623200409C00 /* LoginViewController.xib */; };
		24262B162B64623200409C00 /* LoginViewController.xib in Resources */ = {isa = PBXBuildFile; fileRef = 24262B102B64623200409C00 /* LoginViewController.xib */; };
		24262B182B64749B00409C00 /* LoginViewModel.swift in Sources */ = {isa = PBXBuildFile; fileRef = 24262B172B64749B00409C00 /* LoginViewModel.swift */; };
		24262B192B64749B00409C00 /* LoginViewModel.swift in Sources */ = {isa = PBXBuildFile; fileRef = 24262B172B64749B00409C00 /* LoginViewModel.swift */; };
		24262B1A2B64749B00409C00 /* LoginViewModel.swift in Sources */ = {isa = PBXBuildFile; fileRef = 24262B172B64749B00409C00 /* LoginViewModel.swift */; };
		24262B1C2B6474F200409C00 /* LoginStatusLoad.swift in Sources */ = {isa = PBXBuildFile; fileRef = 24262B1B2B6474F200409C00 /* LoginStatusLoad.swift */; };
		24262B1D2B6474F200409C00 /* LoginStatusLoad.swift in Sources */ = {isa = PBXBuildFile; fileRef = 24262B1B2B6474F200409C00 /* LoginStatusLoad.swift */; };
		24262B1E2B6474F200409C00 /* LoginStatusLoad.swift in Sources */ = {isa = PBXBuildFile; fileRef = 24262B1B2B6474F200409C00 /* LoginStatusLoad.swift */; };
		24262B202B64775200409C00 /* LoginUseCase.swift in Sources */ = {isa = PBXBuildFile; fileRef = 24262B1F2B64775200409C00 /* LoginUseCase.swift */; };
		24262B212B64775200409C00 /* LoginUseCase.swift in Sources */ = {isa = PBXBuildFile; fileRef = 24262B1F2B64775200409C00 /* LoginUseCase.swift */; };
		24262B222B64775200409C00 /* LoginUseCase.swift in Sources */ = {isa = PBXBuildFile; fileRef = 24262B1F2B64775200409C00 /* LoginUseCase.swift */; };
		24262B252B6477B000409C00 /* NetworkError.swift in Sources */ = {isa = PBXBuildFile; fileRef = 24262B242B6477B000409C00 /* NetworkError.swift */; };
		24262B262B6477B000409C00 /* NetworkError.swift in Sources */ = {isa = PBXBuildFile; fileRef = 24262B242B6477B000409C00 /* NetworkError.swift */; };
		24262B272B6477B000409C00 /* NetworkError.swift in Sources */ = {isa = PBXBuildFile; fileRef = 24262B242B6477B000409C00 /* NetworkError.swift */; };
		24262B292B6477DA00409C00 /* EndPoints.swift in Sources */ = {isa = PBXBuildFile; fileRef = 24262B282B6477DA00409C00 /* EndPoints.swift */; };
		24262B2A2B6477DA00409C00 /* EndPoints.swift in Sources */ = {isa = PBXBuildFile; fileRef = 24262B282B6477DA00409C00 /* EndPoints.swift */; };
		24262B2B2B6477DA00409C00 /* EndPoints.swift in Sources */ = {isa = PBXBuildFile; fileRef = 24262B282B6477DA00409C00 /* EndPoints.swift */; };
		24262B2D2B64787500409C00 /* HTTPMethods.swift in Sources */ = {isa = PBXBuildFile; fileRef = 24262B2C2B64787500409C00 /* HTTPMethods.swift */; };
		24262B2E2B64787500409C00 /* HTTPMethods.swift in Sources */ = {isa = PBXBuildFile; fileRef = 24262B2C2B64787500409C00 /* HTTPMethods.swift */; };
		24262B2F2B64787500409C00 /* HTTPMethods.swift in Sources */ = {isa = PBXBuildFile; fileRef = 24262B2C2B64787500409C00 /* HTTPMethods.swift */; };
		24262B312B64792900409C00 /* HTTPResponseCodes.swift in Sources */ = {isa = PBXBuildFile; fileRef = 24262B302B64792900409C00 /* HTTPResponseCodes.swift */; };
		24262B322B64792900409C00 /* HTTPResponseCodes.swift in Sources */ = {isa = PBXBuildFile; fileRef = 24262B302B64792900409C00 /* HTTPResponseCodes.swift */; };
		24262B332B64792900409C00 /* HTTPResponseCodes.swift in Sources */ = {isa = PBXBuildFile; fileRef = 24262B302B64792900409C00 /* HTTPResponseCodes.swift */; };
		24262B352B64799200409C00 /* UserDefaultsHelper.swift in Sources */ = {isa = PBXBuildFile; fileRef = 24262B342B64799200409C00 /* UserDefaultsHelper.swift */; };
		24262B362B64799200409C00 /* UserDefaultsHelper.swift in Sources */ = {isa = PBXBuildFile; fileRef = 24262B342B64799200409C00 /* UserDefaultsHelper.swift */; };
		24262B372B64799200409C00 /* UserDefaultsHelper.swift in Sources */ = {isa = PBXBuildFile; fileRef = 24262B342B64799200409C00 /* UserDefaultsHelper.swift */; };
		24262B3B2B6485BA00409C00 /* HomeTableViewController.swift in Sources */ = {isa = PBXBuildFile; fileRef = 24262B392B6485BA00409C00 /* HomeTableViewController.swift */; };
		24262B3C2B6485BA00409C00 /* HomeTableViewController.swift in Sources */ = {isa = PBXBuildFile; fileRef = 24262B392B6485BA00409C00 /* HomeTableViewController.swift */; };
		24262B3D2B6485BA00409C00 /* HomeTableViewController.swift in Sources */ = {isa = PBXBuildFile; fileRef = 24262B392B6485BA00409C00 /* HomeTableViewController.swift */; };
		24262B3E2B6485BA00409C00 /* HomeTableViewController.xib in Resources */ = {isa = PBXBuildFile; fileRef = 24262B3A2B6485BA00409C00 /* HomeTableViewController.xib */; };
		24262B3F2B6485BA00409C00 /* HomeTableViewController.xib in Resources */ = {isa = PBXBuildFile; fileRef = 24262B3A2B6485BA00409C00 /* HomeTableViewController.xib */; };
		24262B402B6485BA00409C00 /* HomeTableViewController.xib in Resources */ = {isa = PBXBuildFile; fileRef = 24262B3A2B6485BA00409C00 /* HomeTableViewController.xib */; };
		24262B422B6486AD00409C00 /* HomeViewModel.swift in Sources */ = {isa = PBXBuildFile; fileRef = 24262B412B6486AD00409C00 /* HomeViewModel.swift */; };
		24262B432B6486AD00409C00 /* HomeViewModel.swift in Sources */ = {isa = PBXBuildFile; fileRef = 24262B412B6486AD00409C00 /* HomeViewModel.swift */; };
		24262B442B6486AD00409C00 /* HomeViewModel.swift in Sources */ = {isa = PBXBuildFile; fileRef = 24262B412B6486AD00409C00 /* HomeViewModel.swift */; };
		24262B462B6564BC00409C00 /* CustomStatusLoad.swift in Sources */ = {isa = PBXBuildFile; fileRef = 24262B452B6564BC00409C00 /* CustomStatusLoad.swift */; };
		24262B472B6564BC00409C00 /* CustomStatusLoad.swift in Sources */ = {isa = PBXBuildFile; fileRef = 24262B452B6564BC00409C00 /* CustomStatusLoad.swift */; };
		24262B482B6564BC00409C00 /* CustomStatusLoad.swift in Sources */ = {isa = PBXBuildFile; fileRef = 24262B452B6564BC00409C00 /* CustomStatusLoad.swift */; };
		24262B4A2B65655100409C00 /* HomeUseCase.swift in Sources */ = {isa = PBXBuildFile; fileRef = 24262B492B65655100409C00 /* HomeUseCase.swift */; };
		24262B4B2B65655100409C00 /* HomeUseCase.swift in Sources */ = {isa = PBXBuildFile; fileRef = 24262B492B65655100409C00 /* HomeUseCase.swift */; };
		24262B4C2B65655100409C00 /* HomeUseCase.swift in Sources */ = {isa = PBXBuildFile; fileRef = 24262B492B65655100409C00 /* HomeUseCase.swift */; };
		24262B4E2B65659000409C00 /* HeroModels.swift in Sources */ = {isa = PBXBuildFile; fileRef = 24262B4D2B65659000409C00 /* HeroModels.swift */; };
		24262B4F2B65659000409C00 /* HeroModels.swift in Sources */ = {isa = PBXBuildFile; fileRef = 24262B4D2B65659000409C00 /* HeroModels.swift */; };
		24262B502B65659000409C00 /* HeroModels.swift in Sources */ = {isa = PBXBuildFile; fileRef = 24262B4D2B65659000409C00 /* HeroModels.swift */; };
		24262B532B65699500409C00 /* HeroTableViewCell.swift in Sources */ = {isa = PBXBuildFile; fileRef = 24262B512B65699500409C00 /* HeroTableViewCell.swift */; };
		24262B542B65699500409C00 /* HeroTableViewCell.swift in Sources */ = {isa = PBXBuildFile; fileRef = 24262B512B65699500409C00 /* HeroTableViewCell.swift */; };
		24262B552B65699500409C00 /* HeroTableViewCell.swift in Sources */ = {isa = PBXBuildFile; fileRef = 24262B512B65699500409C00 /* HeroTableViewCell.swift */; };
		24262B562B65699500409C00 /* HeroTableViewCell.xib in Resources */ = {isa = PBXBuildFile; fileRef = 24262B522B65699500409C00 /* HeroTableViewCell.xib */; };
		24262B572B65699500409C00 /* HeroTableViewCell.xib in Resources */ = {isa = PBXBuildFile; fileRef = 24262B522B65699500409C00 /* HeroTableViewCell.xib */; };
		24262B582B65699500409C00 /* HeroTableViewCell.xib in Resources */ = {isa = PBXBuildFile; fileRef = 24262B522B65699500409C00 /* HeroTableViewCell.xib */; };
		24262B5B2B65922000409C00 /* UIImageView+Remote.swift in Sources */ = {isa = PBXBuildFile; fileRef = 24262B5A2B65922000409C00 /* UIImageView+Remote.swift */; };
		24262B5C2B65922000409C00 /* UIImageView+Remote.swift in Sources */ = {isa = PBXBuildFile; fileRef = 24262B5A2B65922000409C00 /* UIImageView+Remote.swift */; };
		24262B5D2B65922000409C00 /* UIImageView+Remote.swift in Sources */ = {isa = PBXBuildFile; fileRef = 24262B5A2B65922000409C00 /* UIImageView+Remote.swift */; };
		24262B602B65A2EF00409C00 /* HeroDetailViewController.swift in Sources */ = {isa = PBXBuildFile; fileRef = 24262B5E2B65A2EF00409C00 /* HeroDetailViewController.swift */; };
		24262B612B65A2EF00409C00 /* HeroDetailViewController.swift in Sources */ = {isa = PBXBuildFile; fileRef = 24262B5E2B65A2EF00409C00 /* HeroDetailViewController.swift */; };
		24262B622B65A2EF00409C00 /* HeroDetailViewController.swift in Sources */ = {isa = PBXBuildFile; fileRef = 24262B5E2B65A2EF00409C00 /* HeroDetailViewController.swift */; };
		24262B632B65A2EF00409C00 /* HeroDetailViewController.xib in Resources */ = {isa = PBXBuildFile; fileRef = 24262B5F2B65A2EF00409C00 /* HeroDetailViewController.xib */; };
		24262B642B65A2EF00409C00 /* HeroDetailViewController.xib in Resources */ = {isa = PBXBuildFile; fileRef = 24262B5F2B65A2EF00409C00 /* HeroDetailViewController.xib */; };
		24262B652B65A2EF00409C00 /* HeroDetailViewController.xib in Resources */ = {isa = PBXBuildFile; fileRef = 24262B5F2B65A2EF00409C00 /* HeroDetailViewController.xib */; };
		24262B682B65B11400409C00 /* DetailUseCase.swift in Sources */ = {isa = PBXBuildFile; fileRef = 24262B672B65B11400409C00 /* DetailUseCase.swift */; };
		24262B6A2B6606F700409C00 /* DetailViewModel.swift in Sources */ = {isa = PBXBuildFile; fileRef = 24262B692B6606F700409C00 /* DetailViewModel.swift */; };
		24262B732B66FAB200409C00 /* HomeViewModelTest.swift in Sources */ = {isa = PBXBuildFile; fileRef = 24262B722B66FAB200409C00 /* HomeViewModelTest.swift */; };
		24262B772B66FEBC00409C00 /* DetailViewModelTest.swift in Sources */ = {isa = PBXBuildFile; fileRef = 24262B762B66FEBC00409C00 /* DetailViewModelTest.swift */; };
/* End PBXBuildFile section */

/* Begin PBXContainerItemProxy section */
		24262AE02B644DC300409C00 /* PBXContainerItemProxy */ = {
			isa = PBXContainerItemProxy;
			containerPortal = 24262AC12B644DC100409C00 /* Project object */;
			proxyType = 1;
			remoteGlobalIDString = 24262AC82B644DC100409C00;
			remoteInfo = AppPatronesCristianContreras;
		};
		24262AEA2B644DC400409C00 /* PBXContainerItemProxy */ = {
			isa = PBXContainerItemProxy;
			containerPortal = 24262AC12B644DC100409C00 /* Project object */;
			proxyType = 1;
			remoteGlobalIDString = 24262AC82B644DC100409C00;
			remoteInfo = AppPatronesCristianContreras;
		};
/* End PBXContainerItemProxy section */

/* Begin PBXFileReference section */
		24262AC92B644DC100409C00 /* AppPatronesCristianContreras.app */ = {isa = PBXFileReference; explicitFileType = wrapper.application; includeInIndex = 0; path = AppPatronesCristianContreras.app; sourceTree = BUILT_PRODUCTS_DIR; };
		24262ACC2B644DC100409C00 /* AppDelegate.swift */ = {isa = PBXFileReference; lastKnownFileType = sourcecode.swift; path = AppDelegate.swift; sourceTree = "<group>"; };
		24262ACE2B644DC100409C00 /* SceneDelegate.swift */ = {isa = PBXFileReference; lastKnownFileType = sourcecode.swift; path = SceneDelegate.swift; sourceTree = "<group>"; };
		24262AD02B644DC100409C00 /* ViewController.swift */ = {isa = PBXFileReference; lastKnownFileType = sourcecode.swift; path = ViewController.swift; sourceTree = "<group>"; };
		24262AD52B644DC300409C00 /* Assets.xcassets */ = {isa = PBXFileReference; lastKnownFileType = folder.assetcatalog; path = Assets.xcassets; sourceTree = "<group>"; };
		24262AD82B644DC300409C00 /* Base */ = {isa = PBXFileReference; lastKnownFileType = file.storyboard; name = Base; path = Base.lproj/LaunchScreen.storyboard; sourceTree = "<group>"; };
		24262ADA2B644DC300409C00 /* Info.plist */ = {isa = PBXFileReference; lastKnownFileType = text.plist.xml; path = Info.plist; sourceTree = "<group>"; };
		24262ADF2B644DC300409C00 /* AppPatronesCristianContrerasTests.xctest */ = {isa = PBXFileReference; explicitFileType = wrapper.cfbundle; includeInIndex = 0; path = AppPatronesCristianContrerasTests.xctest; sourceTree = BUILT_PRODUCTS_DIR; };
		24262AE32B644DC300409C00 /* AppPatronesCristianContrerasTests.swift */ = {isa = PBXFileReference; lastKnownFileType = sourcecode.swift; path = AppPatronesCristianContrerasTests.swift; sourceTree = "<group>"; };
		24262AE92B644DC400409C00 /* AppPatronesCristianContrerasUITests.xctest */ = {isa = PBXFileReference; explicitFileType = wrapper.cfbundle; includeInIndex = 0; path = AppPatronesCristianContrerasUITests.xctest; sourceTree = BUILT_PRODUCTS_DIR; };
		24262AED2B644DC400409C00 /* AppPatronesCristianContrerasUITests.swift */ = {isa = PBXFileReference; lastKnownFileType = sourcecode.swift; path = AppPatronesCristianContrerasUITests.swift; sourceTree = "<group>"; };
		24262AEF2B644DC400409C00 /* AppPatronesCristianContrerasUITestsLaunchTests.swift */ = {isa = PBXFileReference; lastKnownFileType = sourcecode.swift; path = AppPatronesCristianContrerasUITestsLaunchTests.swift; sourceTree = "<group>"; };
		24262B0F2B64623200409C00 /* LoginViewController.swift */ = {isa = PBXFileReference; lastKnownFileType = sourcecode.swift; path = LoginViewController.swift; sourceTree = "<group>"; };
		24262B102B64623200409C00 /* LoginViewController.xib */ = {isa = PBXFileReference; lastKnownFileType = file.xib; path = LoginViewController.xib; sourceTree = "<group>"; };
		24262B172B64749B00409C00 /* LoginViewModel.swift */ = {isa = PBXFileReference; lastKnownFileType = sourcecode.swift; path = LoginViewModel.swift; sourceTree = "<group>"; };
		24262B1B2B6474F200409C00 /* LoginStatusLoad.swift */ = {isa = PBXFileReference; lastKnownFileType = sourcecode.swift; path = LoginStatusLoad.swift; sourceTree = "<group>"; };
		24262B1F2B64775200409C00 /* LoginUseCase.swift */ = {isa = PBXFileReference; lastKnownFileType = sourcecode.swift; path = LoginUseCase.swift; sourceTree = "<group>"; };
		24262B242B6477B000409C00 /* NetworkError.swift */ = {isa = PBXFileReference; lastKnownFileType = sourcecode.swift; path = NetworkError.swift; sourceTree = "<group>"; };
		24262B282B6477DA00409C00 /* EndPoints.swift */ = {isa = PBXFileReference; lastKnownFileType = sourcecode.swift; path = EndPoints.swift; sourceTree = "<group>"; };
		24262B2C2B64787500409C00 /* HTTPMethods.swift */ = {isa = PBXFileReference; lastKnownFileType = sourcecode.swift; path = HTTPMethods.swift; sourceTree = "<group>"; };
		24262B302B64792900409C00 /* HTTPResponseCodes.swift */ = {isa = PBXFileReference; lastKnownFileType = sourcecode.swift; path = HTTPResponseCodes.swift; sourceTree = "<group>"; };
		24262B342B64799200409C00 /* UserDefaultsHelper.swift */ = {isa = PBXFileReference; lastKnownFileType = sourcecode.swift; path = UserDefaultsHelper.swift; sourceTree = "<group>"; };
		24262B392B6485BA00409C00 /* HomeTableViewController.swift */ = {isa = PBXFileReference; lastKnownFileType = sourcecode.swift; path = HomeTableViewController.swift; sourceTree = "<group>"; };
		24262B3A2B6485BA00409C00 /* HomeTableViewController.xib */ = {isa = PBXFileReference; lastKnownFileType = file.xib; path = HomeTableViewController.xib; sourceTree = "<group>"; };
		24262B412B6486AD00409C00 /* HomeViewModel.swift */ = {isa = PBXFileReference; lastKnownFileType = sourcecode.swift; path = HomeViewModel.swift; sourceTree = "<group>"; };
		24262B452B6564BC00409C00 /* CustomStatusLoad.swift */ = {isa = PBXFileReference; lastKnownFileType = sourcecode.swift; path = CustomStatusLoad.swift; sourceTree = "<group>"; };
		24262B492B65655100409C00 /* HomeUseCase.swift */ = {isa = PBXFileReference; lastKnownFileType = sourcecode.swift; path = HomeUseCase.swift; sourceTree = "<group>"; };
		24262B4D2B65659000409C00 /* HeroModels.swift */ = {isa = PBXFileReference; lastKnownFileType = sourcecode.swift; path = HeroModels.swift; sourceTree = "<group>"; };
		24262B512B65699500409C00 /* HeroTableViewCell.swift */ = {isa = PBXFileReference; lastKnownFileType = sourcecode.swift; path = HeroTableViewCell.swift; sourceTree = "<group>"; };
		24262B522B65699500409C00 /* HeroTableViewCell.xib */ = {isa = PBXFileReference; lastKnownFileType = file.xib; path = HeroTableViewCell.xib; sourceTree = "<group>"; };
		24262B5A2B65922000409C00 /* UIImageView+Remote.swift */ = {isa = PBXFileReference; lastKnownFileType = sourcecode.swift; path = "UIImageView+Remote.swift"; sourceTree = "<group>"; };
		24262B5E2B65A2EF00409C00 /* HeroDetailViewController.swift */ = {isa = PBXFileReference; lastKnownFileType = sourcecode.swift; path = HeroDetailViewController.swift; sourceTree = "<group>"; };
		24262B5F2B65A2EF00409C00 /* HeroDetailViewController.xib */ = {isa = PBXFileReference; lastKnownFileType = file.xib; path = HeroDetailViewController.xib; sourceTree = "<group>"; };
		24262B672B65B11400409C00 /* DetailUseCase.swift */ = {isa = PBXFileReference; lastKnownFileType = sourcecode.swift; path = DetailUseCase.swift; sourceTree = "<group>"; };
		24262B692B6606F700409C00 /* DetailViewModel.swift */ = {isa = PBXFileReference; lastKnownFileType = sourcecode.swift; path = DetailViewModel.swift; sourceTree = "<group>"; };
		24262B722B66FAB200409C00 /* HomeViewModelTest.swift */ = {isa = PBXFileReference; lastKnownFileType = sourcecode.swift; path = HomeViewModelTest.swift; sourceTree = "<group>"; };
		24262B762B66FEBC00409C00 /* DetailViewModelTest.swift */ = {isa = PBXFileReference; lastKnownFileType = sourcecode.swift; path = DetailViewModelTest.swift; sourceTree = "<group>"; };
/* End PBXFileReference section */

/* Begin PBXFrameworksBuildPhase section */
		24262AC62B644DC100409C00 /* Frameworks */ = {
			isa = PBXFrameworksBuildPhase;
			buildActionMask = 2147483647;
			files = (
			);
			runOnlyForDeploymentPostprocessing = 0;
		};
		24262ADC2B644DC300409C00 /* Frameworks */ = {
			isa = PBXFrameworksBuildPhase;
			buildActionMask = 2147483647;
			files = (
			);
			runOnlyForDeploymentPostprocessing = 0;
		};
		24262AE62B644DC400409C00 /* Frameworks */ = {
			isa = PBXFrameworksBuildPhase;
			buildActionMask = 2147483647;
			files = (
			);
			runOnlyForDeploymentPostprocessing = 0;
		};
/* End PBXFrameworksBuildPhase section */

/* Begin PBXGroup section */
		24262AC02B644DC100409C00 = {
			isa = PBXGroup;
			children = (
				24262ACB2B644DC100409C00 /* AppPatronesCristianContreras */,
				24262AE22B644DC300409C00 /* AppPatronesCristianContrerasTests */,
				24262AEC2B644DC400409C00 /* AppPatronesCristianContrerasUITests */,
				24262ACA2B644DC100409C00 /* Products */,
			);
			sourceTree = "<group>";
		};
		24262ACA2B644DC100409C00 /* Products */ = {
			isa = PBXGroup;
			children = (
				24262AC92B644DC100409C00 /* AppPatronesCristianContreras.app */,
				24262ADF2B644DC300409C00 /* AppPatronesCristianContrerasTests.xctest */,
				24262AE92B644DC400409C00 /* AppPatronesCristianContrerasUITests.xctest */,
			);
			name = Products;
			sourceTree = "<group>";
		};
		24262ACB2B644DC100409C00 /* AppPatronesCristianContreras */ = {
			isa = PBXGroup;
			children = (
				24262B592B6591E700409C00 /* Extensions */,
				24262B042B645D4D00409C00 /* Presentation */,
				24262B082B645E4900409C00 /* Domain */,
				24262B0B2B645EAB00409C00 /* Data */,
				24262ADA2B644DC300409C00 /* Info.plist */,
				24262ACC2B644DC100409C00 /* AppDelegate.swift */,
				24262ACE2B644DC100409C00 /* SceneDelegate.swift */,
				24262AD72B644DC300409C00 /* LaunchScreen.storyboard */,
				24262AD02B644DC100409C00 /* ViewController.swift */,
				24262AD52B644DC300409C00 /* Assets.xcassets */,
			);
			path = AppPatronesCristianContreras;
			sourceTree = "<group>";
		};
		24262AE22B644DC300409C00 /* AppPatronesCristianContrerasTests */ = {
			isa = PBXGroup;
			children = (
				24262AE32B644DC300409C00 /* AppPatronesCristianContrerasTests.swift */,
				24262B722B66FAB200409C00 /* HomeViewModelTest.swift */,
				24262B762B66FEBC00409C00 /* DetailViewModelTest.swift */,
			);
			path = AppPatronesCristianContrerasTests;
			sourceTree = "<group>";
		};
		24262AEC2B644DC400409C00 /* AppPatronesCristianContrerasUITests */ = {
			isa = PBXGroup;
			children = (
				24262AED2B644DC400409C00 /* AppPatronesCristianContrerasUITests.swift */,
				24262AEF2B644DC400409C00 /* AppPatronesCristianContrerasUITestsLaunchTests.swift */,
			);
			path = AppPatronesCristianContrerasUITests;
			sourceTree = "<group>";
		};
		24262B042B645D4D00409C00 /* Presentation */ = {
			isa = PBXGroup;
			children = (
				24262B052B645D7800409C00 /* Views */,
				24262B062B645DDF00409C00 /* ViewModels */,
			);
			path = Presentation;
			sourceTree = "<group>";
		};
		24262B052B645D7800409C00 /* Views */ = {
			isa = PBXGroup;
			children = (
				24262B072B645E0900409C00 /* Login */,
				24262B382B64856F00409C00 /* Home */,
				24262B662B65A39900409C00 /* Detalle */,
			);
			path = Views;
			sourceTree = "<group>";
		};
		24262B062B645DDF00409C00 /* ViewModels */ = {
			isa = PBXGroup;
			children = (
				24262B412B6486AD00409C00 /* HomeViewModel.swift */,
				24262B172B64749B00409C00 /* LoginViewModel.swift */,
				24262B692B6606F700409C00 /* DetailViewModel.swift */,
			);
			path = ViewModels;
			sourceTree = "<group>";
		};
		24262B072B645E0900409C00 /* Login */ = {
			isa = PBXGroup;
			children = (
				24262B0F2B64623200409C00 /* LoginViewController.swift */,
				24262B102B64623200409C00 /* LoginViewController.xib */,
			);
			path = Login;
			sourceTree = "<group>";
		};
		24262B082B645E4900409C00 /* Domain */ = {
			isa = PBXGroup;
			children = (
				24262B092B645E6B00409C00 /* Models */,
				24262B0A2B645E7700409C00 /* UseCases */,
			);
			path = Domain;
			sourceTree = "<group>";
		};
		24262B092B645E6B00409C00 /* Models */ = {
			isa = PBXGroup;
			children = (
				24262B1B2B6474F200409C00 /* LoginStatusLoad.swift */,
				24262B452B6564BC00409C00 /* CustomStatusLoad.swift */,
				24262B4D2B65659000409C00 /* HeroModels.swift */,
			);
			path = Models;
			sourceTree = "<group>";
		};
		24262B0A2B645E7700409C00 /* UseCases */ = {
			isa = PBXGroup;
			children = (
				24262B1F2B64775200409C00 /* LoginUseCase.swift */,
				24262B492B65655100409C00 /* HomeUseCase.swift */,
				24262B672B65B11400409C00 /* DetailUseCase.swift */,
			);
			path = UseCases;
			sourceTree = "<group>";
		};
		24262B0B2B645EAB00409C00 /* Data */ = {
			isa = PBXGroup;
			children = (
				24262B0C2B645ECA00409C00 /* Repository */,
				24262B0D2B645ED900409C00 /* Network */,
				24262B0E2B645EE900409C00 /* Local */,
			);
			path = Data;
			sourceTree = "<group>";
		};
		24262B0C2B645ECA00409C00 /* Repository */ = {
			isa = PBXGroup;
			children = (
			);
			path = Repository;
			sourceTree = "<group>";
		};
		24262B0D2B645ED900409C00 /* Network */ = {
			isa = PBXGroup;
			children = (
				24262B232B64778B00409C00 /* BaseNetwork */,
			);
			path = Network;
			sourceTree = "<group>";
		};
		24262B0E2B645EE900409C00 /* Local */ = {
			isa = PBXGroup;
			children = (
				24262B342B64799200409C00 /* UserDefaultsHelper.swift */,
			);
			path = Local;
			sourceTree = "<group>";
		};
		24262B232B64778B00409C00 /* BaseNetwork */ = {
			isa = PBXGroup;
			children = (
				24262B242B6477B000409C00 /* NetworkError.swift */,
				24262B282B6477DA00409C00 /* EndPoints.swift */,
				24262B2C2B64787500409C00 /* HTTPMethods.swift */,
				24262B302B64792900409C00 /* HTTPResponseCodes.swift */,
			);
			path = BaseNetwork;
			sourceTree = "<group>";
		};
		24262B382B64856F00409C00 /* Home */ = {
			isa = PBXGroup;
			children = (
				24262B392B6485BA00409C00 /* HomeTableViewController.swift */,
				24262B3A2B6485BA00409C00 /* HomeTableViewController.xib */,
				24262B512B65699500409C00 /* HeroTableViewCell.swift */,
				24262B522B65699500409C00 /* HeroTableViewCell.xib */,
			);
			path = Home;
			sourceTree = "<group>";
		};
		24262B592B6591E700409C00 /* Extensions */ = {
			isa = PBXGroup;
			children = (
				24262B5A2B65922000409C00 /* UIImageView+Remote.swift */,
			);
			path = Extensions;
			sourceTree = "<group>";
		};
		24262B662B65A39900409C00 /* Detalle */ = {
			isa = PBXGroup;
			children = (
				24262B5E2B65A2EF00409C00 /* HeroDetailViewController.swift */,
				24262B5F2B65A2EF00409C00 /* HeroDetailViewController.xib */,
			);
			path = Detalle;
			sourceTree = "<group>";
		};
/* End PBXGroup section */

/* Begin PBXNativeTarget section */
		24262AC82B644DC100409C00 /* AppPatronesCristianContreras */ = {
			isa = PBXNativeTarget;
			buildConfigurationList = 24262AF32B644DC400409C00 /* Build configuration list for PBXNativeTarget "AppPatronesCristianContreras" */;
			buildPhases = (
				24262AC52B644DC100409C00 /* Sources */,
				24262AC62B644DC100409C00 /* Frameworks */,
				24262AC72B644DC100409C00 /* Resources */,
			);
			buildRules = (
			);
			dependencies = (
			);
			name = AppPatronesCristianContreras;
			productName = AppPatronesCristianContreras;
			productReference = 24262AC92B644DC100409C00 /* AppPatronesCristianContreras.app */;
			productType = "com.apple.product-type.application";
		};
		24262ADE2B644DC300409C00 /* AppPatronesCristianContrerasTests */ = {
			isa = PBXNativeTarget;
			buildConfigurationList = 24262AF62B644DC400409C00 /* Build configuration list for PBXNativeTarget "AppPatronesCristianContrerasTests" */;
			buildPhases = (
				24262ADB2B644DC300409C00 /* Sources */,
				24262ADC2B644DC300409C00 /* Frameworks */,
				24262ADD2B644DC300409C00 /* Resources */,
			);
			buildRules = (
			);
			dependencies = (
				24262AE12B644DC300409C00 /* PBXTargetDependency */,
			);
			name = AppPatronesCristianContrerasTests;
			productName = AppPatronesCristianContrerasTests;
			productReference = 24262ADF2B644DC300409C00 /* AppPatronesCristianContrerasTests.xctest */;
			productType = "com.apple.product-type.bundle.unit-test";
		};
		24262AE82B644DC400409C00 /* AppPatronesCristianContrerasUITests */ = {
			isa = PBXNativeTarget;
			buildConfigurationList = 24262AF92B644DC400409C00 /* Build configuration list for PBXNativeTarget "AppPatronesCristianContrerasUITests" */;
			buildPhases = (
				24262AE52B644DC400409C00 /* Sources */,
				24262AE62B644DC400409C00 /* Frameworks */,
				24262AE72B644DC400409C00 /* Resources */,
			);
			buildRules = (
			);
			dependencies = (
				24262AEB2B644DC400409C00 /* PBXTargetDependency */,
			);
			name = AppPatronesCristianContrerasUITests;
			productName = AppPatronesCristianContrerasUITests;
			productReference = 24262AE92B644DC400409C00 /* AppPatronesCristianContrerasUITests.xctest */;
			productType = "com.apple.product-type.bundle.ui-testing";
		};
/* End PBXNativeTarget section */

/* Begin PBXProject section */
		24262AC12B644DC100409C00 /* Project object */ = {
			isa = PBXProject;
			attributes = {
				BuildIndependentTargetsInParallel = 1;
				LastSwiftUpdateCheck = 1520;
				LastUpgradeCheck = 1520;
				TargetAttributes = {
					24262AC82B644DC100409C00 = {
						CreatedOnToolsVersion = 15.2;
					};
					24262ADE2B644DC300409C00 = {
						CreatedOnToolsVersion = 15.2;
						TestTargetID = 24262AC82B644DC100409C00;
					};
					24262AE82B644DC400409C00 = {
						CreatedOnToolsVersion = 15.2;
						TestTargetID = 24262AC82B644DC100409C00;
					};
				};
			};
			buildConfigurationList = 24262AC42B644DC100409C00 /* Build configuration list for PBXProject "AppPatronesCristianContreras" */;
			compatibilityVersion = "Xcode 14.0";
			developmentRegion = en;
			hasScannedForEncodings = 0;
			knownRegions = (
				en,
				Base,
			);
			mainGroup = 24262AC02B644DC100409C00;
			productRefGroup = 24262ACA2B644DC100409C00 /* Products */;
			projectDirPath = "";
			projectRoot = "";
			targets = (
				24262AC82B644DC100409C00 /* AppPatronesCristianContreras */,
				24262ADE2B644DC300409C00 /* AppPatronesCristianContrerasTests */,
				24262AE82B644DC400409C00 /* AppPatronesCristianContrerasUITests */,
			);
		};
/* End PBXProject section */

/* Begin PBXResourcesBuildPhase section */
		24262AC72B644DC100409C00 /* Resources */ = {
			isa = PBXResourcesBuildPhase;
			buildActionMask = 2147483647;
			files = (
				24262B3E2B6485BA00409C00 /* HomeTableViewController.xib in Resources */,
				24262AD92B644DC300409C00 /* LaunchScreen.storyboard in Resources */,
				24262B562B65699500409C00 /* HeroTableViewCell.xib in Resources */,
				24262B632B65A2EF00409C00 /* HeroDetailViewController.xib in Resources */,
				24262AD62B644DC300409C00 /* Assets.xcassets in Resources */,
				24262B142B64623200409C00 /* LoginViewController.xib in Resources */,
			);
			runOnlyForDeploymentPostprocessing = 0;
		};
		24262ADD2B644DC300409C00 /* Resources */ = {
			isa = PBXResourcesBuildPhase;
			buildActionMask = 2147483647;
			files = (
				24262B3F2B6485BA00409C00 /* HomeTableViewController.xib in Resources */,
				24262B642B65A2EF00409C00 /* HeroDetailViewController.xib in Resources */,
				24262B152B64623200409C00 /* LoginViewController.xib in Resources */,
				24262B572B65699500409C00 /* HeroTableViewCell.xib in Resources */,
			);
			runOnlyForDeploymentPostprocessing = 0;
		};
		24262AE72B644DC400409C00 /* Resources */ = {
			isa = PBXResourcesBuildPhase;
			buildActionMask = 2147483647;
			files = (
				24262B402B6485BA00409C00 /* HomeTableViewController.xib in Resources */,
				24262B652B65A2EF00409C00 /* HeroDetailViewController.xib in Resources */,
				24262B162B64623200409C00 /* LoginViewController.xib in Resources */,
				24262B582B65699500409C00 /* HeroTableViewCell.xib in Resources */,
			);
			runOnlyForDeploymentPostprocessing = 0;
		};
/* End PBXResourcesBuildPhase section */

/* Begin PBXSourcesBuildPhase section */
		24262AC52B644DC100409C00 /* Sources */ = {
			isa = PBXSourcesBuildPhase;
			buildActionMask = 2147483647;
			files = (
				24262B312B64792900409C00 /* HTTPResponseCodes.swift in Sources */,
				24262B602B65A2EF00409C00 /* HeroDetailViewController.swift in Sources */,
				24262B2D2B64787500409C00 /* HTTPMethods.swift in Sources */,
				24262B112B64623200409C00 /* LoginViewController.swift in Sources */,
				24262B292B6477DA00409C00 /* EndPoints.swift in Sources */,
				24262B462B6564BC00409C00 /* CustomStatusLoad.swift in Sources */,
				24262B252B6477B000409C00 /* NetworkError.swift in Sources */,
				24262AD12B644DC100409C00 /* ViewController.swift in Sources */,
				24262B352B64799200409C00 /* UserDefaultsHelper.swift in Sources */,
				24262B6A2B6606F700409C00 /* DetailViewModel.swift in Sources */,
				24262ACD2B644DC100409C00 /* AppDelegate.swift in Sources */,
				24262B3B2B6485BA00409C00 /* HomeTableViewController.swift in Sources */,
				24262B682B65B11400409C00 /* DetailUseCase.swift in Sources */,
				24262B4E2B65659000409C00 /* HeroModels.swift in Sources */,
				24262B422B6486AD00409C00 /* HomeViewModel.swift in Sources */,
				24262B1C2B6474F200409C00 /* LoginStatusLoad.swift in Sources */,
				24262B5B2B65922000409C00 /* UIImageView+Remote.swift in Sources */,
				24262B532B65699500409C00 /* HeroTableViewCell.swift in Sources */,
				24262B202B64775200409C00 /* LoginUseCase.swift in Sources */,
				24262B182B64749B00409C00 /* LoginViewModel.swift in Sources */,
				24262B4A2B65655100409C00 /* HomeUseCase.swift in Sources */,
				24262ACF2B644DC100409C00 /* SceneDelegate.swift in Sources */,
			);
			runOnlyForDeploymentPostprocessing = 0;
		};
		24262ADB2B644DC300409C00 /* Sources */ = {
			isa = PBXSourcesBuildPhase;
			buildActionMask = 2147483647;
			files = (
				24262B362B64799200409C00 /* UserDefaultsHelper.swift in Sources */,
				24262B5C2B65922000409C00 /* UIImageView+Remote.swift in Sources */,
				24262B3C2B6485BA00409C00 /* HomeTableViewController.swift in Sources */,
				24262B2E2B64787500409C00 /* HTTPMethods.swift in Sources */,
				24262B732B66FAB200409C00 /* HomeViewModelTest.swift in Sources */,
				24262B542B65699500409C00 /* HeroTableViewCell.swift in Sources */,
				24262B122B64623200409C00 /* LoginViewController.swift in Sources */,
				24262B472B6564BC00409C00 /* CustomStatusLoad.swift in Sources */,
				24262B772B66FEBC00409C00 /* DetailViewModelTest.swift in Sources */,
				24262B1D2B6474F200409C00 /* LoginStatusLoad.swift in Sources */,
				24262AE42B644DC300409C00 /* AppPatronesCristianContrerasTests.swift in Sources */,
				24262B2A2B6477DA00409C00 /* EndPoints.swift in Sources */,
				24262B4B2B65655100409C00 /* HomeUseCase.swift in Sources */,
				24262B432B6486AD00409C00 /* HomeViewModel.swift in Sources */,
				24262B262B6477B000409C00 /* NetworkError.swift in Sources */,
				24262B4F2B65659000409C00 /* HeroModels.swift in Sources */,
				24262B322B64792900409C00 /* HTTPResponseCodes.swift in Sources */,
				24262B612B65A2EF00409C00 /* HeroDetailViewController.swift in Sources */,
				24262B192B64749B00409C00 /* LoginViewModel.swift in Sources */,
				24262B212B64775200409C00 /* LoginUseCase.swift in Sources */,
			);
			runOnlyForDeploymentPostprocessing = 0;
		};
		24262AE52B644DC400409C00 /* Sources */ = {
			isa = PBXSourcesBuildPhase;
			buildActionMask = 2147483647;
			files = (
				24262B5D2B65922000409C00 /* UIImageView+Remote.swift in Sources */,
				24262B3D2B6485BA00409C00 /* HomeTableViewController.swift in Sources */,
				24262B1A2B64749B00409C00 /* LoginViewModel.swift in Sources */,
				24262B272B6477B000409C00 /* NetworkError.swift in Sources */,
				24262B132B64623200409C00 /* LoginViewController.swift in Sources */,
				24262B1E2B6474F200409C00 /* LoginStatusLoad.swift in Sources */,
				24262AEE2B644DC400409C00 /* AppPatronesCristianContrerasUITests.swift in Sources */,
				24262B2F2B64787500409C00 /* HTTPMethods.swift in Sources */,
				24262AF02B644DC400409C00 /* AppPatronesCristianContrerasUITestsLaunchTests.swift in Sources */,
				24262B442B6486AD00409C00 /* HomeViewModel.swift in Sources */,
				24262B4C2B65655100409C00 /* HomeUseCase.swift in Sources */,
				24262B372B64799200409C00 /* UserDefaultsHelper.swift in Sources */,
				24262B332B64792900409C00 /* HTTPResponseCodes.swift in Sources */,
				24262B2B2B6477DA00409C00 /* EndPoints.swift in Sources */,
				24262B502B65659000409C00 /* HeroModels.swift in Sources */,
				24262B552B65699500409C00 /* HeroTableViewCell.swift in Sources */,
				24262B482B6564BC00409C00 /* CustomStatusLoad.swift in Sources */,
				24262B222B64775200409C00 /* LoginUseCase.swift in Sources */,
				24262B622B65A2EF00409C00 /* HeroDetailViewController.swift in Sources */,
			);
			runOnlyForDeploymentPostprocessing = 0;
		};
/* End PBXSourcesBuildPhase section */

/* Begin PBXTargetDependency section */
		24262AE12B644DC300409C00 /* PBXTargetDependency */ = {
			isa = PBXTargetDependency;
			target = 24262AC82B644DC100409C00 /* AppPatronesCristianContreras */;
			targetProxy = 24262AE02B644DC300409C00 /* PBXContainerItemProxy */;
		};
		24262AEB2B644DC400409C00 /* PBXTargetDependency */ = {
			isa = PBXTargetDependency;
			target = 24262AC82B644DC100409C00 /* AppPatronesCristianContreras */;
			targetProxy = 24262AEA2B644DC400409C00 /* PBXContainerItemProxy */;
		};
/* End PBXTargetDependency section */

/* Begin PBXVariantGroup section */
		24262AD72B644DC300409C00 /* LaunchScreen.storyboard */ = {
			isa = PBXVariantGroup;
			children = (
				24262AD82B644DC300409C00 /* Base */,
			);
			name = LaunchScreen.storyboard;
			sourceTree = "<group>";
		};
/* End PBXVariantGroup section */

/* Begin XCBuildConfiguration section */
		24262AF12B644DC400409C00 /* Debug */ = {
			isa = XCBuildConfiguration;
			buildSettings = {
				ALWAYS_SEARCH_USER_PATHS = NO;
				ASSETCATALOG_COMPILER_GENERATE_SWIFT_ASSET_SYMBOL_EXTENSIONS = YES;
				CLANG_ANALYZER_NONNULL = YES;
				CLANG_ANALYZER_NUMBER_OBJECT_CONVERSION = YES_AGGRESSIVE;
				CLANG_CXX_LANGUAGE_STANDARD = "gnu++20";
				CLANG_ENABLE_MODULES = YES;
				CLANG_ENABLE_OBJC_ARC = YES;
				CLANG_ENABLE_OBJC_WEAK = YES;
				CLANG_WARN_BLOCK_CAPTURE_AUTORELEASING = YES;
				CLANG_WARN_BOOL_CONVERSION = YES;
				CLANG_WARN_COMMA = YES;
				CLANG_WARN_CONSTANT_CONVERSION = YES;
				CLANG_WARN_DEPRECATED_OBJC_IMPLEMENTATIONS = YES;
				CLANG_WARN_DIRECT_OBJC_ISA_USAGE = YES_ERROR;
				CLANG_WARN_DOCUMENTATION_COMMENTS = YES;
				CLANG_WARN_EMPTY_BODY = YES;
				CLANG_WARN_ENUM_CONVERSION = YES;
				CLANG_WARN_INFINITE_RECURSION = YES;
				CLANG_WARN_INT_CONVERSION = YES;
				CLANG_WARN_NON_LITERAL_NULL_CONVERSION = YES;
				CLANG_WARN_OBJC_IMPLICIT_RETAIN_SELF = YES;
				CLANG_WARN_OBJC_LITERAL_CONVERSION = YES;
				CLANG_WARN_OBJC_ROOT_CLASS = YES_ERROR;
				CLANG_WARN_QUOTED_INCLUDE_IN_FRAMEWORK_HEADER = YES;
				CLANG_WARN_RANGE_LOOP_ANALYSIS = YES;
				CLANG_WARN_STRICT_PROTOTYPES = YES;
				CLANG_WARN_SUSPICIOUS_MOVE = YES;
				CLANG_WARN_UNGUARDED_AVAILABILITY = YES_AGGRESSIVE;
				CLANG_WARN_UNREACHABLE_CODE = YES;
				CLANG_WARN__DUPLICATE_METHOD_MATCH = YES;
				COPY_PHASE_STRIP = NO;
				DEBUG_INFORMATION_FORMAT = dwarf;
				ENABLE_STRICT_OBJC_MSGSEND = YES;
				ENABLE_TESTABILITY = YES;
				ENABLE_USER_SCRIPT_SANDBOXING = YES;
				GCC_C_LANGUAGE_STANDARD = gnu17;
				GCC_DYNAMIC_NO_PIC = NO;
				GCC_NO_COMMON_BLOCKS = YES;
				GCC_OPTIMIZATION_LEVEL = 0;
				GCC_PREPROCESSOR_DEFINITIONS = (
					"DEBUG=1",
					"$(inherited)",
				);
				GCC_WARN_64_TO_32_BIT_CONVERSION = YES;
				GCC_WARN_ABOUT_RETURN_TYPE = YES_ERROR;
				GCC_WARN_UNDECLARED_SELECTOR = YES;
				GCC_WARN_UNINITIALIZED_AUTOS = YES_AGGRESSIVE;
				GCC_WARN_UNUSED_FUNCTION = YES;
				GCC_WARN_UNUSED_VARIABLE = YES;
				IPHONEOS_DEPLOYMENT_TARGET = 17.2;
				LOCALIZATION_PREFERS_STRING_CATALOGS = YES;
				MTL_ENABLE_DEBUG_INFO = INCLUDE_SOURCE;
				MTL_FAST_MATH = YES;
				ONLY_ACTIVE_ARCH = YES;
				SDKROOT = iphoneos;
				SWIFT_ACTIVE_COMPILATION_CONDITIONS = "DEBUG $(inherited)";
				SWIFT_OPTIMIZATION_LEVEL = "-Onone";
			};
			name = Debug;
		};
		24262AF22B644DC400409C00 /* Release */ = {
			isa = XCBuildConfiguration;
			buildSettings = {
				ALWAYS_SEARCH_USER_PATHS = NO;
				ASSETCATALOG_COMPILER_GENERATE_SWIFT_ASSET_SYMBOL_EXTENSIONS = YES;
				CLANG_ANALYZER_NONNULL = YES;
				CLANG_ANALYZER_NUMBER_OBJECT_CONVERSION = YES_AGGRESSIVE;
				CLANG_CXX_LANGUAGE_STANDARD = "gnu++20";
				CLANG_ENABLE_MODULES = YES;
				CLANG_ENABLE_OBJC_ARC = YES;
				CLANG_ENABLE_OBJC_WEAK = YES;
				CLANG_WARN_BLOCK_CAPTURE_AUTORELEASING = YES;
				CLANG_WARN_BOOL_CONVERSION = YES;
				CLANG_WARN_COMMA = YES;
				CLANG_WARN_CONSTANT_CONVERSION = YES;
				CLANG_WARN_DEPRECATED_OBJC_IMPLEMENTATIONS = YES;
				CLANG_WARN_DIRECT_OBJC_ISA_USAGE = YES_ERROR;
				CLANG_WARN_DOCUMENTATION_COMMENTS = YES;
				CLANG_WARN_EMPTY_BODY = YES;
				CLANG_WARN_ENUM_CONVERSION = YES;
				CLANG_WARN_INFINITE_RECURSION = YES;
				CLANG_WARN_INT_CONVERSION = YES;
				CLANG_WARN_NON_LITERAL_NULL_CONVERSION = YES;
				CLANG_WARN_OBJC_IMPLICIT_RETAIN_SELF = YES;
				CLANG_WARN_OBJC_LITERAL_CONVERSION = YES;
				CLANG_WARN_OBJC_ROOT_CLASS = YES_ERROR;
				CLANG_WARN_QUOTED_INCLUDE_IN_FRAMEWORK_HEADER = YES;
				CLANG_WARN_RANGE_LOOP_ANALYSIS = YES;
				CLANG_WARN_STRICT_PROTOTYPES = YES;
				CLANG_WARN_SUSPICIOUS_MOVE = YES;
				CLANG_WARN_UNGUARDED_AVAILABILITY = YES_AGGRESSIVE;
				CLANG_WARN_UNREACHABLE_CODE = YES;
				CLANG_WARN__DUPLICATE_METHOD_MATCH = YES;
				COPY_PHASE_STRIP = NO;
				DEBUG_INFORMATION_FORMAT = "dwarf-with-dsym";
				ENABLE_NS_ASSERTIONS = NO;
				ENABLE_STRICT_OBJC_MSGSEND = YES;
				ENABLE_USER_SCRIPT_SANDBOXING = YES;
				GCC_C_LANGUAGE_STANDARD = gnu17;
				GCC_NO_COMMON_BLOCKS = YES;
				GCC_WARN_64_TO_32_BIT_CONVERSION = YES;
				GCC_WARN_ABOUT_RETURN_TYPE = YES_ERROR;
				GCC_WARN_UNDECLARED_SELECTOR = YES;
				GCC_WARN_UNINITIALIZED_AUTOS = YES_AGGRESSIVE;
				GCC_WARN_UNUSED_FUNCTION = YES;
				GCC_WARN_UNUSED_VARIABLE = YES;
				IPHONEOS_DEPLOYMENT_TARGET = 17.2;
				LOCALIZATION_PREFERS_STRING_CATALOGS = YES;
				MTL_ENABLE_DEBUG_INFO = NO;
				MTL_FAST_MATH = YES;
				SDKROOT = iphoneos;
				SWIFT_COMPILATION_MODE = wholemodule;
				VALIDATE_PRODUCT = YES;
			};
			name = Release;
		};
		24262AF42B644DC400409C00 /* Debug */ = {
			isa = XCBuildConfiguration;
			buildSettings = {
				ASSETCATALOG_COMPILER_APPICON_NAME = AppIcon;
				ASSETCATALOG_COMPILER_GLOBAL_ACCENT_COLOR_NAME = AccentColor;
				CODE_SIGN_STYLE = Automatic;
				CURRENT_PROJECT_VERSION = 1;
				DEVELOPMENT_TEAM = LF68Z3YD8E;
				GENERATE_INFOPLIST_FILE = YES;
				INFOPLIST_FILE = AppPatronesCristianContreras/Info.plist;
				INFOPLIST_KEY_UIApplicationSupportsIndirectInputEvents = YES;
				INFOPLIST_KEY_UILaunchStoryboardName = LaunchScreen;
				INFOPLIST_KEY_UISupportedInterfaceOrientations_iPad = "UIInterfaceOrientationPortrait UIInterfaceOrientationPortraitUpsideDown UIInterfaceOrientationLandscapeLeft UIInterfaceOrientationLandscapeRight";
				INFOPLIST_KEY_UISupportedInterfaceOrientations_iPhone = "UIInterfaceOrientationPortrait UIInterfaceOrientationLandscapeLeft UIInterfaceOrientationLandscapeRight";
				LD_RUNPATH_SEARCH_PATHS = (
					"$(inherited)",
					"@executable_path/Frameworks",
				);
				MARKETING_VERSION = 1.0;
				PRODUCT_BUNDLE_IDENTIFIER = com.covezcorp.AppPatronesCristianContreras;
				PRODUCT_NAME = "$(TARGET_NAME)";
				SWIFT_EMIT_LOC_STRINGS = YES;
				SWIFT_VERSION = 5.0;
				TARGETED_DEVICE_FAMILY = "1,2";
			};
			name = Debug;
		};
		24262AF52B644DC400409C00 /* Release */ = {
			isa = XCBuildConfiguration;
			buildSettings = {
				ASSETCATALOG_COMPILER_APPICON_NAME = AppIcon;
				ASSETCATALOG_COMPILER_GLOBAL_ACCENT_COLOR_NAME = AccentColor;
				CODE_SIGN_STYLE = Automatic;
				CURRENT_PROJECT_VERSION = 1;
				DEVELOPMENT_TEAM = LF68Z3YD8E;
				GENERATE_INFOPLIST_FILE = YES;
				INFOPLIST_FILE = AppPatronesCristianContreras/Info.plist;
				INFOPLIST_KEY_UIApplicationSupportsIndirectInputEvents = YES;
				INFOPLIST_KEY_UILaunchStoryboardName = LaunchScreen;
				INFOPLIST_KEY_UISupportedInterfaceOrientations_iPad = "UIInterfaceOrientationPortrait UIInterfaceOrientationPortraitUpsideDown UIInterfaceOrientationLandscapeLeft UIInterfaceOrientationLandscapeRight";
				INFOPLIST_KEY_UISupportedInterfaceOrientations_iPhone = "UIInterfaceOrientationPortrait UIInterfaceOrientationLandscapeLeft UIInterfaceOrientationLandscapeRight";
				LD_RUNPATH_SEARCH_PATHS = (
					"$(inherited)",
					"@executable_path/Frameworks",
				);
				MARKETING_VERSION = 1.0;
				PRODUCT_BUNDLE_IDENTIFIER = com.covezcorp.AppPatronesCristianContreras;
				PRODUCT_NAME = "$(TARGET_NAME)";
				SWIFT_EMIT_LOC_STRINGS = YES;
				SWIFT_VERSION = 5.0;
				TARGETED_DEVICE_FAMILY = "1,2";
			};
			name = Release;
		};
		24262AF72B644DC400409C00 /* Debug */ = {
			isa = XCBuildConfiguration;
			buildSettings = {
				ALWAYS_EMBED_SWIFT_STANDARD_LIBRARIES = YES;
				BUNDLE_LOADER = "$(TEST_HOST)";
				CODE_SIGN_STYLE = Automatic;
				CURRENT_PROJECT_VERSION = 1;
				DEVELOPMENT_TEAM = LF68Z3YD8E;
				GENERATE_INFOPLIST_FILE = YES;
				IPHONEOS_DEPLOYMENT_TARGET = 17.2;
				MARKETING_VERSION = 1.0;
				PRODUCT_BUNDLE_IDENTIFIER = com.covezcorp.AppPatronesCristianContrerasTests;
				PRODUCT_NAME = "$(TARGET_NAME)";
				SWIFT_EMIT_LOC_STRINGS = NO;
				SWIFT_VERSION = 5.0;
				TARGETED_DEVICE_FAMILY = "1,2";
				TEST_HOST = "$(BUILT_PRODUCTS_DIR)/AppPatronesCristianContreras.app/$(BUNDLE_EXECUTABLE_FOLDER_PATH)/AppPatronesCristianContreras";
			};
			name = Debug;
		};
		24262AF82B644DC400409C00 /* Release */ = {
			isa = XCBuildConfiguration;
			buildSettings = {
				ALWAYS_EMBED_SWIFT_STANDARD_LIBRARIES = YES;
				BUNDLE_LOADER = "$(TEST_HOST)";
				CODE_SIGN_STYLE = Automatic;
				CURRENT_PROJECT_VERSION = 1;
				DEVELOPMENT_TEAM = LF68Z3YD8E;
				GENERATE_INFOPLIST_FILE = YES;
				IPHONEOS_DEPLOYMENT_TARGET = 17.2;
				MARKETING_VERSION = 1.0;
				PRODUCT_BUNDLE_IDENTIFIER = com.covezcorp.AppPatronesCristianContrerasTests;
				PRODUCT_NAME = "$(TARGET_NAME)";
				SWIFT_EMIT_LOC_STRINGS = NO;
				SWIFT_VERSION = 5.0;
				TARGETED_DEVICE_FAMILY = "1,2";
				TEST_HOST = "$(BUILT_PRODUCTS_DIR)/AppPatronesCristianContreras.app/$(BUNDLE_EXECUTABLE_FOLDER_PATH)/AppPatronesCristianContreras";
			};
			name = Release;
		};
		24262AFA2B644DC400409C00 /* Debug */ = {
			isa = XCBuildConfiguration;
			buildSettings = {
				ALWAYS_EMBED_SWIFT_STANDARD_LIBRARIES = YES;
				CODE_SIGN_STYLE = Automatic;
				CURRENT_PROJECT_VERSION = 1;
				DEVELOPMENT_TEAM = LF68Z3YD8E;
				GENERATE_INFOPLIST_FILE = YES;
				MARKETING_VERSION = 1.0;
				PRODUCT_BUNDLE_IDENTIFIER = com.covezcorp.AppPatronesCristianContrerasUITests;
				PRODUCT_NAME = "$(TARGET_NAME)";
				SWIFT_EMIT_LOC_STRINGS = NO;
				SWIFT_VERSION = 5.0;
				TARGETED_DEVICE_FAMILY = "1,2";
				TEST_TARGET_NAME = AppPatronesCristianContreras;
			};
			name = Debug;
		};
		24262AFB2B644DC400409C00 /* Release */ = {
			isa = XCBuildConfiguration;
			buildSettings = {
				ALWAYS_EMBED_SWIFT_STANDARD_LIBRARIES = YES;
				CODE_SIGN_STYLE = Automatic;
				CURRENT_PROJECT_VERSION = 1;
				DEVELOPMENT_TEAM = LF68Z3YD8E;
				GENERATE_INFOPLIST_FILE = YES;
				MARKETING_VERSION = 1.0;
				PRODUCT_BUNDLE_IDENTIFIER = com.covezcorp.AppPatronesCristianContrerasUITests;
				PRODUCT_NAME = "$(TARGET_NAME)";
				SWIFT_EMIT_LOC_STRINGS = NO;
				SWIFT_VERSION = 5.0;
				TARGETED_DEVICE_FAMILY = "1,2";
				TEST_TARGET_NAME = AppPatronesCristianContreras;
			};
			name = Release;
		};
/* End XCBuildConfiguration section */

/* Begin XCConfigurationList section */
		24262AC42B644DC100409C00 /* Build configuration list for PBXProject "AppPatronesCristianContreras" */ = {
			isa = XCConfigurationList;
			buildConfigurations = (
				24262AF12B644DC400409C00 /* Debug */,
				24262AF22B644DC400409C00 /* Release */,
			);
			defaultConfigurationIsVisible = 0;
			defaultConfigurationName = Release;
		};
		24262AF32B644DC400409C00 /* Build configuration list for PBXNativeTarget "AppPatronesCristianContreras" */ = {
			isa = XCConfigurationList;
			buildConfigurations = (
				24262AF42B644DC400409C00 /* Debug */,
				24262AF52B644DC400409C00 /* Release */,
			);
			defaultConfigurationIsVisible = 0;
			defaultConfigurationName = Release;
		};
		24262AF62B644DC400409C00 /* Build configuration list for PBXNativeTarget "AppPatronesCristianContrerasTests" */ = {
			isa = XCConfigurationList;
			buildConfigurations = (
				24262AF72B644DC400409C00 /* Debug */,
				24262AF82B644DC400409C00 /* Release */,
			);
			defaultConfigurationIsVisible = 0;
			defaultConfigurationName = Release;
		};
		24262AF92B644DC400409C00 /* Build configuration list for PBXNativeTarget "AppPatronesCristianContrerasUITests" */ = {
			isa = XCConfigurationList;
			buildConfigurations = (
				24262AFA2B644DC400409C00 /* Debug */,
				24262AFB2B644DC400409C00 /* Release */,
			);
			defaultConfigurationIsVisible = 0;
			defaultConfigurationName = Release;
		};
/* End XCConfigurationList section */
	};
	rootObject = 24262AC12B644DC100409C00 /* Project object */;
}
